
Microsoft Visual Studio Solution File, Format Version 12.00
# Visual Studio Version 17
VisualStudioVersion = 17.5.002.0
MinimumVisualStudioVersion = 10.0.40219.1
Project("{9A19103F-16F7-4668-BE54-9A1E7A4F7556}") = "ProductMVC", "ProductMVC.csproj", "{D8E5C1C6-C7F6-4B72-8A60-0AD0D79C2CED}"
EndProject
Global
	GlobalSection(SolutionConfigurationPlatforms) = preSolution
		Debug|Any CPU = Debug|Any CPU
		Release|Any CPU = Release|Any CPU
	EndGlobalSection
	GlobalSection(ProjectConfigurationPlatforms) = postSolution
		{D8E5C1C6-C7F6-4B72-8A60-0AD0D79C2CED}.Debug|Any CPU.ActiveCfg = Debug|Any CPU
		{D8E5C1C6-C7F6-4B72-8A60-0AD0D79C2CED}.Debug|Any CPU.Build.0 = Debug|Any CPU
		{D8E5C1C6-C7F6-4B72-8A60-0AD0D79C2CED}.Release|Any CPU.ActiveCfg = Release|Any CPU
		{D8E5C1C6-C7F6-4B72-8A60-0AD0D79C2CED}.Release|Any CPU.Build.0 = Release|Any CPU
	EndGlobalSection
	GlobalSection(SolutionProperties) = preSolution
		HideSolutionNode = FALSE
	EndGlobalSection
	GlobalSection(ExtensibilityGlobals) = postSolution
		SolutionGuid = {6C8F42F0-3885-41EC-A453-A3E5714A29D1}
	EndGlobalSection
EndGlobal
